
Microsoft Visual Studio Solution File, Format Version 12.00
# Visual Studio Version 16
VisualStudioVersion = 16.0.31729.503
MinimumVisualStudioVersion = 10.0.40219.1
Project("{FAE04EC0-301F-11D3-BF4B-00C04F79EFBC}") = "MoveFiles", "MoveFiles\MoveFiles.csproj", "{4D9D2D32-FD34-40E2-809A-AE6528860BE4}"
EndProject
Global
	GlobalSection(SolutionConfigurationPlatforms) = preSolution
		Debug|Any CPU = Debug|Any CPU
		Release|Any CPU = Release|Any CPU
	EndGlobalSection
	GlobalSection(ProjectConfigurationPlatforms) = postSolution
		{4D9D2D32-FD34-40E2-809A-AE6528860BE4}.Debug|Any CPU.ActiveCfg = Debug|Any CPU
		{4D9D2D32-FD34-40E2-809A-AE6528860BE4}.Debug|Any CPU.Build.0 = Debug|Any CPU
		{4D9D2D32-FD34-40E2-809A-AE6528860BE4}.Release|Any CPU.ActiveCfg = Release|Any CPU
		{4D9D2D32-FD34-40E2-809A-AE6528860BE4}.Release|Any CPU.Build.0 = Release|Any CPU
	EndGlobalSection
	GlobalSection(SolutionProperties) = preSolution
		HideSolutionNode = FALSE
	EndGlobalSection
	GlobalSection(ExtensibilityGlobals) = postSolution
		SolutionGuid = {0078C7EA-DCEE-48C5-BA37-6B25F14FB9E2}
	EndGlobalSection
EndGlobal
